
Microsoft Visual Studio Solution File, Format Version 12.00
# Visual Studio Version 17
VisualStudioVersion = 17.9.34723.18
MinimumVisualStudioVersion = 10.0.40219.1
Project("{9A19103F-16F7-4668-BE54-9A1E7A4F7556}") = "Vouzamo.Web.WebApp", "Vouzamo.Web.WebApp\Vouzamo.Web.WebApp.csproj", "{0394405C-7223-4C15-BC52-AB89108EEEE3}"
EndProject
Global
	GlobalSection(SolutionConfigurationPlatforms) = preSolution
		Debug|Any CPU = Debug|Any CPU
		Release|Any CPU = Release|Any CPU
	EndGlobalSection
	GlobalSection(ProjectConfigurationPlatforms) = postSolution
		{0394405C-7223-4C15-BC52-AB89108EEEE3}.Debug|Any CPU.ActiveCfg = Debug|Any CPU
		{0394405C-7223-4C15-BC52-AB89108EEEE3}.Debug|Any CPU.Build.0 = Debug|Any CPU
		{0394405C-7223-4C15-BC52-AB89108EEEE3}.Release|Any CPU.ActiveCfg = Release|Any CPU
		{0394405C-7223-4C15-BC52-AB89108EEEE3}.Release|Any CPU.Build.0 = Release|Any CPU
	EndGlobalSection
	GlobalSection(SolutionProperties) = preSolution
		HideSolutionNode = FALSE
	EndGlobalSection
	GlobalSection(ExtensibilityGlobals) = postSolution
		SolutionGuid = {D1C37D66-8D80-4051-BFC0-703590FD9BAB}
	EndGlobalSection
EndGlobal
